// !$*UTF8*$!
{
	archiveVersion = 1;
	classes = {
	};
	objectVersion = 50;
	objects = {

/* Begin PBXBuildFile section */
		516DB36D21A80AC000CCC393 /* CollectionViewCell.swift in Sources */ = {isa = PBXBuildFile; fileRef = 516DB36C21A80AC000CCC393 /* CollectionViewCell.swift */; };
		516DB36F21A80E5C00CCC393 /* MainCollectionViewController.swift in Sources */ = {isa = PBXBuildFile; fileRef = 516DB36E21A80E5C00CCC393 /* MainCollectionViewController.swift */; };
		516DB37121A813AD00CCC393 /* NetworkManager.swift in Sources */ = {isa = PBXBuildFile; fileRef = 516DB37021A813AD00CCC393 /* NetworkManager.swift */; };
		51946B4721A56772008EC6CF /* AppDelegate.swift in Sources */ = {isa = PBXBuildFile; fileRef = 51946B4621A56772008EC6CF /* AppDelegate.swift */; };
		51946B4921A56772008EC6CF /* ImageViewController.swift in Sources */ = {isa = PBXBuildFile; fileRef = 51946B4821A56772008EC6CF /* ImageViewController.swift */; };
		51946B4C21A56772008EC6CF /* Main.storyboard in Resources */ = {isa = PBXBuildFile; fileRef = 51946B4A21A56772008EC6CF /* Main.storyboard */; };
		51946B4E21A56775008EC6CF /* Assets.xcassets in Resources */ = {isa = PBXBuildFile; fileRef = 51946B4D21A56775008EC6CF /* Assets.xcassets */; };
		51946B5121A56775008EC6CF /* LaunchScreen.storyboard in Resources */ = {isa = PBXBuildFile; fileRef = 51946B4F21A56775008EC6CF /* LaunchScreen.storyboard */; };
		51946B5921A56960008EC6CF /* .gitignore in Resources */ = {isa = PBXBuildFile; fileRef = 51946B5821A56960008EC6CF /* .gitignore */; };
		51946B5D21A5AD8A008EC6CF /* CoursesViewController.swift in Sources */ = {isa = PBXBuildFile; fileRef = 51946B5C21A5AD8A008EC6CF /* CoursesViewController.swift */; };
		51946B5F21A5B09B008EC6CF /* WebViewViewController.swift in Sources */ = {isa = PBXBuildFile; fileRef = 51946B5E21A5B09B008EC6CF /* WebViewViewController.swift */; };
		51946B6121A5B10B008EC6CF /* Course.swift in Sources */ = {isa = PBXBuildFile; fileRef = 51946B6021A5B10A008EC6CF /* Course.swift */; };
		51946B6321A5B587008EC6CF /* WebsiteDescription.swift in Sources */ = {isa = PBXBuildFile; fileRef = 51946B6221A5B587008EC6CF /* WebsiteDescription.swift */; };
		51946B6521A5BC7B008EC6CF /* TableViewCell.swift in Sources */ = {isa = PBXBuildFile; fileRef = 51946B6421A5BC7B008EC6CF /* TableViewCell.swift */; };
/* End PBXBuildFile section */

/* Begin PBXFileReference section */
		516DB36C21A80AC000CCC393 /* CollectionViewCell.swift */ = {isa = PBXFileReference; lastKnownFileType = sourcecode.swift; path = CollectionViewCell.swift; sourceTree = "<group>"; };
		516DB36E21A80E5C00CCC393 /* MainCollectionViewController.swift */ = {isa = PBXFileReference; lastKnownFileType = sourcecode.swift; path = MainCollectionViewController.swift; sourceTree = "<group>"; };
		516DB37021A813AD00CCC393 /* NetworkManager.swift */ = {isa = PBXFileReference; lastKnownFileType = sourcecode.swift; path = NetworkManager.swift; sourceTree = "<group>"; };
		51946B4321A56772008EC6CF /* Networking.app */ = {isa = PBXFileReference; explicitFileType = wrapper.application; includeInIndex = 0; path = Networking.app; sourceTree = BUILT_PRODUCTS_DIR; };
		51946B4621A56772008EC6CF /* AppDelegate.swift */ = {isa = PBXFileReference; lastKnownFileType = sourcecode.swift; path = AppDelegate.swift; sourceTree = "<group>"; };
		51946B4821A56772008EC6CF /* ImageViewController.swift */ = {isa = PBXFileReference; lastKnownFileType = sourcecode.swift; path = ImageViewController.swift; sourceTree = "<group>"; };
		51946B4B21A56772008EC6CF /* Base */ = {isa = PBXFileReference; lastKnownFileType = file.storyboard; name = Base; path = Base.lproj/Main.storyboard; sourceTree = "<group>"; };
		51946B4D21A56775008EC6CF /* Assets.xcassets */ = {isa = PBXFileReference; lastKnownFileType = folder.assetcatalog; path = Assets.xcassets; sourceTree = "<group>"; };
		51946B5021A56775008EC6CF /* Base */ = {isa = PBXFileReference; lastKnownFileType = file.storyboard; name = Base; path = Base.lproj/LaunchScreen.storyboard; sourceTree = "<group>"; };
		51946B5221A56775008EC6CF /* Info.plist */ = {isa = PBXFileReference; lastKnownFileType = text.plist.xml; path = Info.plist; sourceTree = "<group>"; };
		51946B5821A56960008EC6CF /* .gitignore */ = {isa = PBXFileReference; lastKnownFileType = text; path = .gitignore; sourceTree = "<group>"; };
		51946B5C21A5AD8A008EC6CF /* CoursesViewController.swift */ = {isa = PBXFileReference; lastKnownFileType = sourcecode.swift; path = CoursesViewController.swift; sourceTree = "<group>"; };
		51946B5E21A5B09B008EC6CF /* WebViewViewController.swift */ = {isa = PBXFileReference; lastKnownFileType = sourcecode.swift; path = WebViewViewController.swift; sourceTree = "<group>"; };
		51946B6021A5B10A008EC6CF /* Course.swift */ = {isa = PBXFileReference; lastKnownFileType = sourcecode.swift; path = Course.swift; sourceTree = "<group>"; };
		51946B6221A5B587008EC6CF /* WebsiteDescription.swift */ = {isa = PBXFileReference; lastKnownFileType = sourcecode.swift; path = WebsiteDescription.swift; sourceTree = "<group>"; };
		51946B6421A5BC7B008EC6CF /* TableViewCell.swift */ = {isa = PBXFileReference; lastKnownFileType = sourcecode.swift; path = TableViewCell.swift; sourceTree = "<group>"; };
/* End PBXFileReference section */

/* Begin PBXFrameworksBuildPhase section */
		51946B4021A56772008EC6CF /* Frameworks */ = {
			isa = PBXFrameworksBuildPhase;
			buildActionMask = 2147483647;
			files = (
			);
			runOnlyForDeploymentPostprocessing = 0;
		};
/* End PBXFrameworksBuildPhase section */

/* Begin PBXGroup section */
		51946B3A21A56772008EC6CF = {
			isa = PBXGroup;
			children = (
				51946B5821A56960008EC6CF /* .gitignore */,
				51946B4521A56772008EC6CF /* Networking */,
				51946B4421A56772008EC6CF /* Products */,
			);
			sourceTree = "<group>";
		};
		51946B4421A56772008EC6CF /* Products */ = {
			isa = PBXGroup;
			children = (
				51946B4321A56772008EC6CF /* Networking.app */,
			);
			name = Products;
			sourceTree = "<group>";
		};
		51946B4521A56772008EC6CF /* Networking */ = {
			isa = PBXGroup;
			children = (
				51946B4621A56772008EC6CF /* AppDelegate.swift */,
				516DB37021A813AD00CCC393 /* NetworkManager.swift */,
				516DB36E21A80E5C00CCC393 /* MainCollectionViewController.swift */,
				516DB36C21A80AC000CCC393 /* CollectionViewCell.swift */,
				51946B5C21A5AD8A008EC6CF /* CoursesViewController.swift */,
				51946B4821A56772008EC6CF /* ImageViewController.swift */,
				51946B5E21A5B09B008EC6CF /* WebViewViewController.swift */,
				51946B6021A5B10A008EC6CF /* Course.swift */,
				51946B6221A5B587008EC6CF /* WebsiteDescription.swift */,
				51946B6421A5BC7B008EC6CF /* TableViewCell.swift */,
				51946B4A21A56772008EC6CF /* Main.storyboard */,
				51946B4D21A56775008EC6CF /* Assets.xcassets */,
				51946B4F21A56775008EC6CF /* LaunchScreen.storyboard */,
				51946B5221A56775008EC6CF /* Info.plist */,
			);
			path = Networking;
			sourceTree = "<group>";
		};
/* End PBXGroup section */

/* Begin PBXNativeTarget section */
		51946B4221A56772008EC6CF /* Networking */ = {
			isa = PBXNativeTarget;
			buildConfigurationList = 51946B5521A56775008EC6CF /* Build configuration list for PBXNativeTarget "Networking" */;
			buildPhases = (
				51946B3F21A56772008EC6CF /* Sources */,
				51946B4021A56772008EC6CF /* Frameworks */,
				51946B4121A56772008EC6CF /* Resources */,
			);
			buildRules = (
			);
			dependencies = (
			);
			name = Networking;
			productName = Networking;
			productReference = 51946B4321A56772008EC6CF /* Networking.app */;
			productType = "com.apple.product-type.application";
		};
/* End PBXNativeTarget section */

/* Begin PBXProject section */
		51946B3B21A56772008EC6CF /* Project object */ = {
			isa = PBXProject;
			attributes = {
				LastSwiftUpdateCheck = 1010;
				LastUpgradeCheck = 1010;
				ORGANIZATIONNAME = "Vasiliy Shaydullin";
				TargetAttributes = {
					51946B4221A56772008EC6CF = {
						CreatedOnToolsVersion = 10.1;
					};
				};
			};
			buildConfigurationList = 51946B3E21A56772008EC6CF /* Build configuration list for PBXProject "Networking" */;
			compatibilityVersion = "Xcode 9.3";
			developmentRegion = en;
			hasScannedForEncodings = 0;
			knownRegions = (
				en,
				Base,
			);
			mainGroup = 51946B3A21A56772008EC6CF;
			productRefGroup = 51946B4421A56772008EC6CF /* Products */;
			projectDirPath = "";
			projectRoot = "";
			targets = (
				51946B4221A56772008EC6CF /* Networking */,
			);
		};
/* End PBXProject section */

/* Begin PBXResourcesBuildPhase section */
		51946B4121A56772008EC6CF /* Resources */ = {
			isa = PBXResourcesBuildPhase;
			buildActionMask = 2147483647;
			files = (
				51946B5921A56960008EC6CF /* .gitignore in Resources */,
				51946B5121A56775008EC6CF /* LaunchScreen.storyboard in Resources */,
				51946B4E21A56775008EC6CF /* Assets.xcassets in Resources */,
				51946B4C21A56772008EC6CF /* Main.storyboard in Resources */,
			);
			runOnlyForDeploymentPostprocessing = 0;
		};
/* End PBXResourcesBuildPhase section */

/* Begin PBXSourcesBuildPhase section */
		51946B3F21A56772008EC6CF /* Sources */ = {
			isa = PBXSourcesBuildPhase;
			buildActionMask = 2147483647;
			files = (
				516DB36D21A80AC000CCC393 /* CollectionViewCell.swift in Sources */,
				516DB36F21A80E5C00CCC393 /* MainCollectionViewController.swift in Sources */,
				51946B6321A5B587008EC6CF /* WebsiteDescription.swift in Sources */,
				51946B6521A5BC7B008EC6CF /* TableViewCell.swift in Sources */,
				516DB37121A813AD00CCC393 /* NetworkManager.swift in Sources */,
				51946B6121A5B10B008EC6CF /* Course.swift in Sources */,
				51946B5F21A5B09B008EC6CF /* WebViewViewController.swift in Sources */,
				51946B5D21A5AD8A008EC6CF /* CoursesViewController.swift in Sources */,
				51946B4921A56772008EC6CF /* ImageViewController.swift in Sources */,
				51946B4721A56772008EC6CF /* AppDelegate.swift in Sources */,
			);
			runOnlyForDeploymentPostprocessing = 0;
		};
/* End PBXSourcesBuildPhase section */

/* Begin PBXVariantGroup section */
		51946B4A21A56772008EC6CF /* Main.storyboard */ = {
			isa = PBXVariantGroup;
			children = (
				51946B4B21A56772008EC6CF /* Base */,
			);
			name = Main.storyboard;
			sourceTree = "<group>";
		};
		51946B4F21A56775008EC6CF /* LaunchScreen.storyboard */ = {
			isa = PBXVariantGroup;
			children = (
				51946B5021A56775008EC6CF /* Base */,
			);
			name = LaunchScreen.storyboard;
			sourceTree = "<group>";
		};
/* End PBXVariantGroup section */

/* Begin XCBuildConfiguration section */
		51946B5321A56775008EC6CF /* Debug */ = {
			isa = XCBuildConfiguration;
			buildSettings = {
				ALWAYS_SEARCH_USER_PATHS = NO;
				CLANG_ANALYZER_NONNULL = YES;
				CLANG_ANALYZER_NUMBER_OBJECT_CONVERSION = YES_AGGRESSIVE;
				CLANG_CXX_LANGUAGE_STANDARD = "gnu++14";
				CLANG_CXX_LIBRARY = "libc++";
				CLANG_ENABLE_MODULES = YES;
				CLANG_ENABLE_OBJC_ARC = YES;
				CLANG_ENABLE_OBJC_WEAK = YES;
				CLANG_WARN_BLOCK_CAPTURE_AUTORELEASING = YES;
				CLANG_WARN_BOOL_CONVERSION = YES;
				CLANG_WARN_COMMA = YES;
				CLANG_WARN_CONSTANT_CONVERSION = YES;
				CLANG_WARN_DEPRECATED_OBJC_IMPLEMENTATIONS = YES;
				CLANG_WARN_DIRECT_OBJC_ISA_USAGE = YES_ERROR;
				CLANG_WARN_DOCUMENTATION_COMMENTS = YES;
				CLANG_WARN_EMPTY_BODY = YES;
				CLANG_WARN_ENUM_CONVERSION = YES;
				CLANG_WARN_INFINITE_RECURSION = YES;
				CLANG_WARN_INT_CONVERSION = YES;
				CLANG_WARN_NON_LITERAL_NULL_CONVERSION = YES;
				CLANG_WARN_OBJC_IMPLICIT_RETAIN_SELF = YES;
				CLANG_WARN_OBJC_LITERAL_CONVERSION = YES;
				CLANG_WARN_OBJC_ROOT_CLASS = YES_ERROR;
				CLANG_WARN_RANGE_LOOP_ANALYSIS = YES;
				CLANG_WARN_STRICT_PROTOTYPES = YES;
				CLANG_WARN_SUSPICIOUS_MOVE = YES;
				CLANG_WARN_UNGUARDED_AVAILABILITY = YES_AGGRESSIVE;
				CLANG_WARN_UNREACHABLE_CODE = YES;
				CLANG_WARN__DUPLICATE_METHOD_MATCH = YES;
				CODE_SIGN_IDENTITY = "iPhone Developer";
				COPY_PHASE_STRIP = NO;
				DEBUG_INFORMATION_FORMAT = dwarf;
				ENABLE_STRICT_OBJC_MSGSEND = YES;
				ENABLE_TESTABILITY = YES;
				GCC_C_LANGUAGE_STANDARD = gnu11;
				GCC_DYNAMIC_NO_PIC = NO;
				GCC_NO_COMMON_BLOCKS = YES;
				GCC_OPTIMIZATION_LEVEL = 0;
				GCC_PREPROCESSOR_DEFINITIONS = (
					"DEBUG=1",
					"$(inherited)",
				);
				GCC_WARN_64_TO_32_BIT_CONVERSION = YES;
				GCC_WARN_ABOUT_RETURN_TYPE = YES_ERROR;
				GCC_WARN_UNDECLARED_SELECTOR = YES;
				GCC_WARN_UNINITIALIZED_AUTOS = YES_AGGRESSIVE;
				GCC_WARN_UNUSED_FUNCTION = YES;
				GCC_WARN_UNUSED_VARIABLE = YES;
				IPHONEOS_DEPLOYMENT_TARGET = 12.1;
				MTL_ENABLE_DEBUG_INFO = INCLUDE_SOURCE;
				MTL_FAST_MATH = YES;
				ONLY_ACTIVE_ARCH = YES;
				SDKROOT = iphoneos;
				SWIFT_ACTIVE_COMPILATION_CONDITIONS = DEBUG;
				SWIFT_OPTIMIZATION_LEVEL = "-Onone";
			};
			name = Debug;
		};
		51946B5421A56775008EC6CF /* Release */ = {
			isa = XCBuildConfiguration;
			buildSettings = {
				ALWAYS_SEARCH_USER_PATHS = NO;
				CLANG_ANALYZER_NONNULL = YES;
				CLANG_ANALYZER_NUMBER_OBJECT_CONVERSION = YES_AGGRESSIVE;
				CLANG_CXX_LANGUAGE_STANDARD = "gnu++14";
				CLANG_CXX_LIBRARY = "libc++";
				CLANG_ENABLE_MODULES = YES;
				CLANG_ENABLE_OBJC_ARC = YES;
				CLANG_ENABLE_OBJC_WEAK = YES;
				CLANG_WARN_BLOCK_CAPTURE_AUTORELEASING = YES;
				CLANG_WARN_BOOL_CONVERSION = YES;
				CLANG_WARN_COMMA = YES;
				CLANG_WARN_CONSTANT_CONVERSION = YES;
				CLANG_WARN_DEPRECATED_OBJC_IMPLEMENTATIONS = YES;
				CLANG_WARN_DIRECT_OBJC_ISA_USAGE = YES_ERROR;
				CLANG_WARN_DOCUMENTATION_COMMENTS = YES;
				CLANG_WARN_EMPTY_BODY = YES;
				CLANG_WARN_ENUM_CONVERSION = YES;
				CLANG_WARN_INFINITE_RECURSION = YES;
				CLANG_WARN_INT_CONVERSION = YES;
				CLANG_WARN_NON_LITERAL_NULL_CONVERSION = YES;
				CLANG_WARN_OBJC_IMPLICIT_RETAIN_SELF = YES;
				CLANG_WARN_OBJC_LITERAL_CONVERSION = YES;
				CLANG_WARN_OBJC_ROOT_CLASS = YES_ERROR;
				CLANG_WARN_RANGE_LOOP_ANALYSIS = YES;
				CLANG_WARN_STRICT_PROTOTYPES = YES;
				CLANG_WARN_SUSPICIOUS_MOVE = YES;
				CLANG_WARN_UNGUARDED_AVAILABILITY = YES_AGGRESSIVE;
				CLANG_WARN_UNREACHABLE_CODE = YES;
				CLANG_WARN__DUPLICATE_METHOD_MATCH = YES;
				CODE_SIGN_IDENTITY = "iPhone Developer";
				COPY_PHASE_STRIP = NO;
				DEBUG_INFORMATION_FORMAT = "dwarf-with-dsym";
				ENABLE_NS_ASSERTIONS = NO;
				ENABLE_STRICT_OBJC_MSGSEND = YES;
				GCC_C_LANGUAGE_STANDARD = gnu11;
				GCC_NO_COMMON_BLOCKS = YES;
				GCC_WARN_64_TO_32_BIT_CONVERSION = YES;
				GCC_WARN_ABOUT_RETURN_TYPE = YES_ERROR;
				GCC_WARN_UNDECLARED_SELECTOR = YES;
				GCC_WARN_UNINITIALIZED_AUTOS = YES_AGGRESSIVE;
				GCC_WARN_UNUSED_FUNCTION = YES;
				GCC_WARN_UNUSED_VARIABLE = YES;
				IPHONEOS_DEPLOYMENT_TARGET = 12.1;
				MTL_ENABLE_DEBUG_INFO = NO;
				MTL_FAST_MATH = YES;
				SDKROOT = iphoneos;
				SWIFT_COMPILATION_MODE = wholemodule;
				SWIFT_OPTIMIZATION_LEVEL = "-O";
				VALIDATE_PRODUCT = YES;
			};
			name = Release;
		};
		51946B5621A56775008EC6CF /* Debug */ = {
			isa = XCBuildConfiguration;
			buildSettings = {
				ASSETCATALOG_COMPILER_APPICON_NAME = AppIcon;
				CODE_SIGN_STYLE = Automatic;
				DEVELOPMENT_TEAM = R5P42D7263;
				INFOPLIST_FILE = Networking/Info.plist;
				LD_RUNPATH_SEARCH_PATHS = (
					"$(inherited)",
					"@executable_path/Frameworks",
				);
				PRODUCT_BUNDLE_IDENTIFIER = com.myprodact.Networking;
				PRODUCT_NAME = "$(TARGET_NAME)";
				SWIFT_VERSION = 4.2;
				TARGETED_DEVICE_FAMILY = "1,2";
			};
			name = Debug;
		};
		51946B5721A56775008EC6CF /* Release */ = {
			isa = XCBuildConfiguration;
			buildSettings = {
				ASSETCATALOG_COMPILER_APPICON_NAME = AppIcon;
				CODE_SIGN_STYLE = Automatic;
				DEVELOPMENT_TEAM = R5P42D7263;
				INFOPLIST_FILE = Networking/Info.plist;
				LD_RUNPATH_SEARCH_PATHS = (
					"$(inherited)",
					"@executable_path/Frameworks",
				);
				PRODUCT_BUNDLE_IDENTIFIER = com.myprodact.Networking;
				PRODUCT_NAME = "$(TARGET_NAME)";
				SWIFT_VERSION = 4.2;
				TARGETED_DEVICE_FAMILY = "1,2";
			};
			name = Release;
		};
/* End XCBuildConfiguration section */

/* Begin XCConfigurationList section */
		51946B3E21A56772008EC6CF /* Build configuration list for PBXProject "Networking" */ = {
			isa = XCConfigurationList;
			buildConfigurations = (
				51946B5321A56775008EC6CF /* Debug */,
				51946B5421A56775008EC6CF /* Release */,
			);
			defaultConfigurationIsVisible = 0;
			defaultConfigurationName = Release;
		};
		51946B5521A56775008EC6CF /* Build configuration list for PBXNativeTarget "Networking" */ = {
			isa = XCConfigurationList;
			buildConfigurations = (
				51946B5621A56775008EC6CF /* Debug */,
				51946B5721A56775008EC6CF /* Release */,
			);
			defaultConfigurationIsVisible = 0;
			defaultConfigurationName = Release;
		};
/* End XCConfigurationList section */
	};
	rootObject = 51946B3B21A56772008EC6CF /* Project object */;
}
